
Microsoft Visual Studio Solution File, Format Version 11.00
# Visual Studio 2010
Project("{2150E333-8FDC-42A3-9474-1A3956D46DE8}") = "Common", "Common", "{B0AF1C0E-1AE3-4E49-AB31-74CA16B5B794}"
EndProject
Project("{2150E333-8FDC-42A3-9474-1A3956D46DE8}") = "Sessão1", "Sessão1", "{01CB4F90-54CA-4854-8F47-7506CAA78EAC}"
EndProject
Project("{2150E333-8FDC-42A3-9474-1A3956D46DE8}") = "Demos", "Demos", "{4557EF7D-C60E-4F17-9B09-67C2D00976A9}"
EndProject
Project("{2150E333-8FDC-42A3-9474-1A3956D46DE8}") = "Assignments", "Assignments", "{7A1188A5-08E5-4637-BD74-BBC32518717C}"
EndProject
Project("{2150E333-8FDC-42A3-9474-1A3956D46DE8}") = "Sessão2", "Sessão2", "{3AAF3999-A190-4DBB-BB5D-07CA77553E52}"
EndProject
Project("{2150E333-8FDC-42A3-9474-1A3956D46DE8}") = "Assignments", "Assignments", "{4D248F28-AC0A-45BA-99AE-C07C1832D118}"
EndProject
Project("{2150E333-8FDC-42A3-9474-1A3956D46DE8}") = "Sessão3", "Sessão3", "{6305929D-6B3C-4A5C-90F0-A85BA3533F76}"
EndProject
Project("{2150E333-8FDC-42A3-9474-1A3956D46DE8}") = "Sessão4", "Sessão4", "{D28CA923-60B3-49E2-80FE-BF65F6689D7F}"
EndProject
Project("{2150E333-8FDC-42A3-9474-1A3956D46DE8}") = "Assignments", "Assignments", "{261A5059-1B2F-42D1-985D-0C81AD1048AD}"
EndProject
Project("{2150E333-8FDC-42A3-9474-1A3956D46DE8}") = "Demos", "Demos", "{EB47C07F-B0A5-417A-8E9D-96D73D865080}"
EndProject
Project("{2150E333-8FDC-42A3-9474-1A3956D46DE8}") = "Demos", "Demos", "{A61427C4-115C-4ABC-B71D-D608788A719B}"
EndProject
Project("{FAE04EC0-301F-11D3-BF4B-00C04F79EFBC}") = "Mod02-AdvProgramming.Data", "Mod03-WebApplications.Data\Mod02-AdvProgramming.Data.csproj", "{2FA7C253-8566-4A64-9785-30AD69AC134E}"
EndProject
Project("{FAE04EC0-301F-11D3-BF4B-00C04F79EFBC}") = "Mod03-WebApplications.ThumbsAndWatermarking", "Mod03-WebApplications.Thumbs&Watermarking\Mod03-WebApplications.ThumbsAndWatermarking.csproj", "{2DC66F29-AAA2-4AB0-93B4-CC13E7C92D7D}"
EndProject
Project("{FAE04EC0-301F-11D3-BF4B-00C04F79EFBC}") = "Mod03-WebApplications.HttpPipelineWebApp", "Mod03-WebApplications.HttpPipelineWebApp\Mod03-WebApplications.HttpPipelineWebApp.csproj", "{CC2DB44B-3225-46EF-B2E6-DFFD2EBDDB40}"
EndProject
Project("{2150E333-8FDC-42A3-9474-1A3956D46DE8}") = "Demos", "Demos", "{3D61E07C-DC93-476A-80BA-E770CB353CB5}"
EndProject
Project("{FAE04EC0-301F-11D3-BF4B-00C04F79EFBC}") = "Mod03-ChelasMovies.DependencyResolution", "Mod03-ChelasMovies.DependencyResolution\Mod03-ChelasMovies.DependencyResolution.csproj", "{D1F54503-1D69-47BD-90E1-4F5353E1BDF6}"
EndProject
Project("{FAE04EC0-301F-11D3-BF4B-00C04F79EFBC}") = "Mod03-ChelasMovies.DomainModel", "Mod03-ChelasMovies.DomainModel\Mod03-ChelasMovies.DomainModel.csproj", "{208B1EAA-EBE5-4202-891D-3D32A0DAE1E3}"
EndProject
Project("{FAE04EC0-301F-11D3-BF4B-00C04F79EFBC}") = "Mod03-ChelasMovies.Rep", "Mod03-ChelasMovies.Rep\Mod03-ChelasMovies.Rep.csproj", "{1C039CE6-EB9A-4748-BF01-B8B371443591}"
EndProject
Project("{FAE04EC0-301F-11D3-BF4B-00C04F79EFBC}") = "Mod03-ChelasMovies.RepImpl", "Mod03-ChelasMovies.RepImpl\Mod03-ChelasMovies.RepImpl.csproj", "{0DA7D742-6DA6-4998-B64F-9D27EF142E0C}"
EndProject
Project("{FAE04EC0-301F-11D3-BF4B-00C04F79EFBC}") = "Mod03-ChelasMovies.WebApp", "Mod03-ChelasMovies.WebApp\Mod03-ChelasMovies.WebApp.csproj", "{10D2759C-2468-4902-BEBF-2882F144B714}"
EndProject
Project("{2150E333-8FDC-42A3-9474-1A3956D46DE8}") = "Repositories", "Repositories", "{23AAC718-27BB-4D20-A846-6F61A57C1974}"
EndProject
Project("{FAE04EC0-301F-11D3-BF4B-00C04F79EFBC}") = "Mod03-ChelasMovies.Rep.Test", "Mod03-ChelasMovies.Rep.Test\Mod03-ChelasMovies.Rep.Test.csproj", "{C375BE4D-60F9-40A3-AF46-B25FDEED54C9}"
EndProject
Global
	GlobalSection(SolutionConfigurationPlatforms) = preSolution
		Debug|Any CPU = Debug|Any CPU
		Debug|Mixed Platforms = Debug|Mixed Platforms
		Debug|x86 = Debug|x86
		Release|Any CPU = Release|Any CPU
		Release|Mixed Platforms = Release|Mixed Platforms
		Release|x86 = Release|x86
	EndGlobalSection
	GlobalSection(ProjectConfigurationPlatforms) = postSolution
		{2FA7C253-8566-4A64-9785-30AD69AC134E}.Debug|Any CPU.ActiveCfg = Debug|Any CPU
		{2FA7C253-8566-4A64-9785-30AD69AC134E}.Debug|Any CPU.Build.0 = Debug|Any CPU
		{2FA7C253-8566-4A64-9785-30AD69AC134E}.Debug|Mixed Platforms.ActiveCfg = Debug|Any CPU
		{2FA7C253-8566-4A64-9785-30AD69AC134E}.Debug|Mixed Platforms.Build.0 = Debug|Any CPU
		{2FA7C253-8566-4A64-9785-30AD69AC134E}.Debug|x86.ActiveCfg = Debug|Any CPU
		{2FA7C253-8566-4A64-9785-30AD69AC134E}.Release|Any CPU.ActiveCfg = Release|Any CPU
		{2FA7C253-8566-4A64-9785-30AD69AC134E}.Release|Any CPU.Build.0 = Release|Any CPU
		{2FA7C253-8566-4A64-9785-30AD69AC134E}.Release|Mixed Platforms.ActiveCfg = Release|Any CPU
		{2FA7C253-8566-4A64-9785-30AD69AC134E}.Release|Mixed Platforms.Build.0 = Release|Any CPU
		{2FA7C253-8566-4A64-9785-30AD69AC134E}.Release|x86.ActiveCfg = Release|Any CPU
		{2DC66F29-AAA2-4AB0-93B4-CC13E7C92D7D}.Debug|Any CPU.ActiveCfg = Debug|Any CPU
		{2DC66F29-AAA2-4AB0-93B4-CC13E7C92D7D}.Debug|Any CPU.Build.0 = Debug|Any CPU
		{2DC66F29-AAA2-4AB0-93B4-CC13E7C92D7D}.Debug|Mixed Platforms.ActiveCfg = Debug|Any CPU
		{2DC66F29-AAA2-4AB0-93B4-CC13E7C92D7D}.Debug|Mixed Platforms.Build.0 = Debug|Any CPU
		{2DC66F29-AAA2-4AB0-93B4-CC13E7C92D7D}.Debug|x86.ActiveCfg = Debug|Any CPU
		{2DC66F29-AAA2-4AB0-93B4-CC13E7C92D7D}.Release|Any CPU.ActiveCfg = Release|Any CPU
		{2DC66F29-AAA2-4AB0-93B4-CC13E7C92D7D}.Release|Any CPU.Build.0 = Release|Any CPU
		{2DC66F29-AAA2-4AB0-93B4-CC13E7C92D7D}.Release|Mixed Platforms.ActiveCfg = Release|Any CPU
		{2DC66F29-AAA2-4AB0-93B4-CC13E7C92D7D}.Release|Mixed Platforms.Build.0 = Release|Any CPU
		{2DC66F29-AAA2-4AB0-93B4-CC13E7C92D7D}.Release|x86.ActiveCfg = Release|Any CPU
		{CC2DB44B-3225-46EF-B2E6-DFFD2EBDDB40}.Debug|Any CPU.ActiveCfg = Debug|Any CPU
		{CC2DB44B-3225-46EF-B2E6-DFFD2EBDDB40}.Debug|Any CPU.Build.0 = Debug|Any CPU
		{CC2DB44B-3225-46EF-B2E6-DFFD2EBDDB40}.Debug|Mixed Platforms.ActiveCfg = Debug|Any CPU
		{CC2DB44B-3225-46EF-B2E6-DFFD2EBDDB40}.Debug|Mixed Platforms.Build.0 = Debug|Any CPU
		{CC2DB44B-3225-46EF-B2E6-DFFD2EBDDB40}.Debug|x86.ActiveCfg = Debug|Any CPU
		{CC2DB44B-3225-46EF-B2E6-DFFD2EBDDB40}.Release|Any CPU.ActiveCfg = Release|Any CPU
		{CC2DB44B-3225-46EF-B2E6-DFFD2EBDDB40}.Release|Any CPU.Build.0 = Release|Any CPU
		{CC2DB44B-3225-46EF-B2E6-DFFD2EBDDB40}.Release|Mixed Platforms.ActiveCfg = Release|Any CPU
		{CC2DB44B-3225-46EF-B2E6-DFFD2EBDDB40}.Release|Mixed Platforms.Build.0 = Release|Any CPU
		{CC2DB44B-3225-46EF-B2E6-DFFD2EBDDB40}.Release|x86.ActiveCfg = Release|Any CPU
		{D1F54503-1D69-47BD-90E1-4F5353E1BDF6}.Debug|Any CPU.ActiveCfg = Debug|Any CPU
		{D1F54503-1D69-47BD-90E1-4F5353E1BDF6}.Debug|Any CPU.Build.0 = Debug|Any CPU
		{D1F54503-1D69-47BD-90E1-4F5353E1BDF6}.Debug|Mixed Platforms.ActiveCfg = Debug|Any CPU
		{D1F54503-1D69-47BD-90E1-4F5353E1BDF6}.Debug|Mixed Platforms.Build.0 = Debug|Any CPU
		{D1F54503-1D69-47BD-90E1-4F5353E1BDF6}.Debug|x86.ActiveCfg = Debug|Any CPU
		{D1F54503-1D69-47BD-90E1-4F5353E1BDF6}.Release|Any CPU.ActiveCfg = Release|Any CPU
		{D1F54503-1D69-47BD-90E1-4F5353E1BDF6}.Release|Any CPU.Build.0 = Release|Any CPU
		{D1F54503-1D69-47BD-90E1-4F5353E1BDF6}.Release|Mixed Platforms.ActiveCfg = Release|Any CPU
		{D1F54503-1D69-47BD-90E1-4F5353E1BDF6}.Release|Mixed Platforms.Build.0 = Release|Any CPU
		{D1F54503-1D69-47BD-90E1-4F5353E1BDF6}.Release|x86.ActiveCfg = Release|Any CPU
		{208B1EAA-EBE5-4202-891D-3D32A0DAE1E3}.Debug|Any CPU.ActiveCfg = Debug|Any CPU
		{208B1EAA-EBE5-4202-891D-3D32A0DAE1E3}.Debug|Any CPU.Build.0 = Debug|Any CPU
		{208B1EAA-EBE5-4202-891D-3D32A0DAE1E3}.Debug|Mixed Platforms.ActiveCfg = Debug|Any CPU
		{208B1EAA-EBE5-4202-891D-3D32A0DAE1E3}.Debug|Mixed Platforms.Build.0 = Debug|Any CPU
		{208B1EAA-EBE5-4202-891D-3D32A0DAE1E3}.Debug|x86.ActiveCfg = Debug|Any CPU
		{208B1EAA-EBE5-4202-891D-3D32A0DAE1E3}.Release|Any CPU.ActiveCfg = Release|Any CPU
		{208B1EAA-EBE5-4202-891D-3D32A0DAE1E3}.Release|Any CPU.Build.0 = Release|Any CPU
		{208B1EAA-EBE5-4202-891D-3D32A0DAE1E3}.Release|Mixed Platforms.ActiveCfg = Release|Any CPU
		{208B1EAA-EBE5-4202-891D-3D32A0DAE1E3}.Release|Mixed Platforms.Build.0 = Release|Any CPU
		{208B1EAA-EBE5-4202-891D-3D32A0DAE1E3}.Release|x86.ActiveCfg = Release|Any CPU
		{1C039CE6-EB9A-4748-BF01-B8B371443591}.Debug|Any CPU.ActiveCfg = Debug|Any CPU
		{1C039CE6-EB9A-4748-BF01-B8B371443591}.Debug|Any CPU.Build.0 = Debug|Any CPU
		{1C039CE6-EB9A-4748-BF01-B8B371443591}.Debug|Mixed Platforms.ActiveCfg = Debug|Any CPU
		{1C039CE6-EB9A-4748-BF01-B8B371443591}.Debug|Mixed Platforms.Build.0 = Debug|Any CPU
		{1C039CE6-EB9A-4748-BF01-B8B371443591}.Debug|x86.ActiveCfg = Debug|Any CPU
		{1C039CE6-EB9A-4748-BF01-B8B371443591}.Release|Any CPU.ActiveCfg = Release|Any CPU
		{1C039CE6-EB9A-4748-BF01-B8B371443591}.Release|Any CPU.Build.0 = Release|Any CPU
		{1C039CE6-EB9A-4748-BF01-B8B371443591}.Release|Mixed Platforms.ActiveCfg = Release|Any CPU
		{1C039CE6-EB9A-4748-BF01-B8B371443591}.Release|Mixed Platforms.Build.0 = Release|Any CPU
		{1C039CE6-EB9A-4748-BF01-B8B371443591}.Release|x86.ActiveCfg = Release|Any CPU
		{0DA7D742-6DA6-4998-B64F-9D27EF142E0C}.Debug|Any CPU.ActiveCfg = Debug|Any CPU
		{0DA7D742-6DA6-4998-B64F-9D27EF142E0C}.Debug|Any CPU.Build.0 = Debug|Any CPU
		{0DA7D742-6DA6-4998-B64F-9D27EF142E0C}.Debug|Mixed Platforms.ActiveCfg = Debug|Any CPU
		{0DA7D742-6DA6-4998-B64F-9D27EF142E0C}.Debug|Mixed Platforms.Build.0 = Debug|Any CPU
		{0DA7D742-6DA6-4998-B64F-9D27EF142E0C}.Debug|x86.ActiveCfg = Debug|Any CPU
		{0DA7D742-6DA6-4998-B64F-9D27EF142E0C}.Release|Any CPU.ActiveCfg = Release|Any CPU
		{0DA7D742-6DA6-4998-B64F-9D27EF142E0C}.Release|Any CPU.Build.0 = Release|Any CPU
		{0DA7D742-6DA6-4998-B64F-9D27EF142E0C}.Release|Mixed Platforms.ActiveCfg = Release|Any CPU
		{0DA7D742-6DA6-4998-B64F-9D27EF142E0C}.Release|Mixed Platforms.Build.0 = Release|Any CPU
		{0DA7D742-6DA6-4998-B64F-9D27EF142E0C}.Release|x86.ActiveCfg = Release|Any CPU
		{10D2759C-2468-4902-BEBF-2882F144B714}.Debug|Any CPU.ActiveCfg = Debug|Any CPU
		{10D2759C-2468-4902-BEBF-2882F144B714}.Debug|Any CPU.Build.0 = Debug|Any CPU
		{10D2759C-2468-4902-BEBF-2882F144B714}.Debug|Mixed Platforms.ActiveCfg = Debug|Any CPU
		{10D2759C-2468-4902-BEBF-2882F144B714}.Debug|Mixed Platforms.Build.0 = Debug|Any CPU
		{10D2759C-2468-4902-BEBF-2882F144B714}.Debug|x86.ActiveCfg = Debug|Any CPU
		{10D2759C-2468-4902-BEBF-2882F144B714}.Release|Any CPU.ActiveCfg = Release|Any CPU
		{10D2759C-2468-4902-BEBF-2882F144B714}.Release|Any CPU.Build.0 = Release|Any CPU
		{10D2759C-2468-4902-BEBF-2882F144B714}.Release|Mixed Platforms.ActiveCfg = Release|Any CPU
		{10D2759C-2468-4902-BEBF-2882F144B714}.Release|Mixed Platforms.Build.0 = Release|Any CPU
		{10D2759C-2468-4902-BEBF-2882F144B714}.Release|x86.ActiveCfg = Release|Any CPU
		{C375BE4D-60F9-40A3-AF46-B25FDEED54C9}.Debug|Any CPU.ActiveCfg = Debug|Any CPU
		{C375BE4D-60F9-40A3-AF46-B25FDEED54C9}.Debug|Any CPU.Build.0 = Debug|Any CPU
		{C375BE4D-60F9-40A3-AF46-B25FDEED54C9}.Debug|Mixed Platforms.ActiveCfg = Debug|Any CPU
		{C375BE4D-60F9-40A3-AF46-B25FDEED54C9}.Debug|Mixed Platforms.Build.0 = Debug|Any CPU
		{C375BE4D-60F9-40A3-AF46-B25FDEED54C9}.Debug|x86.ActiveCfg = Debug|Any CPU
		{C375BE4D-60F9-40A3-AF46-B25FDEED54C9}.Release|Any CPU.ActiveCfg = Release|Any CPU
		{C375BE4D-60F9-40A3-AF46-B25FDEED54C9}.Release|Any CPU.Build.0 = Release|Any CPU
		{C375BE4D-60F9-40A3-AF46-B25FDEED54C9}.Release|Mixed Platforms.ActiveCfg = Release|Any CPU
		{C375BE4D-60F9-40A3-AF46-B25FDEED54C9}.Release|Mixed Platforms.Build.0 = Release|Any CPU
		{C375BE4D-60F9-40A3-AF46-B25FDEED54C9}.Release|x86.ActiveCfg = Release|Any CPU
	EndGlobalSection
	GlobalSection(SolutionProperties) = preSolution
		HideSolutionNode = FALSE
	EndGlobalSection
	GlobalSection(NestedProjects) = preSolution
		{2FA7C253-8566-4A64-9785-30AD69AC134E} = {B0AF1C0E-1AE3-4E49-AB31-74CA16B5B794}
		{4557EF7D-C60E-4F17-9B09-67C2D00976A9} = {01CB4F90-54CA-4854-8F47-7506CAA78EAC}
		{7A1188A5-08E5-4637-BD74-BBC32518717C} = {01CB4F90-54CA-4854-8F47-7506CAA78EAC}
		{4D248F28-AC0A-45BA-99AE-C07C1832D118} = {3AAF3999-A190-4DBB-BB5D-07CA77553E52}
		{3D61E07C-DC93-476A-80BA-E770CB353CB5} = {3AAF3999-A190-4DBB-BB5D-07CA77553E52}
		{2DC66F29-AAA2-4AB0-93B4-CC13E7C92D7D} = {4D248F28-AC0A-45BA-99AE-C07C1832D118}
		{CC2DB44B-3225-46EF-B2E6-DFFD2EBDDB40} = {4D248F28-AC0A-45BA-99AE-C07C1832D118}
		{EB47C07F-B0A5-417A-8E9D-96D73D865080} = {6305929D-6B3C-4A5C-90F0-A85BA3533F76}
		{261A5059-1B2F-42D1-985D-0C81AD1048AD} = {D28CA923-60B3-49E2-80FE-BF65F6689D7F}
		{A61427C4-115C-4ABC-B71D-D608788A719B} = {D28CA923-60B3-49E2-80FE-BF65F6689D7F}
		{D1F54503-1D69-47BD-90E1-4F5353E1BDF6} = {261A5059-1B2F-42D1-985D-0C81AD1048AD}
		{208B1EAA-EBE5-4202-891D-3D32A0DAE1E3} = {261A5059-1B2F-42D1-985D-0C81AD1048AD}
		{23AAC718-27BB-4D20-A846-6F61A57C1974} = {261A5059-1B2F-42D1-985D-0C81AD1048AD}
		{10D2759C-2468-4902-BEBF-2882F144B714} = {261A5059-1B2F-42D1-985D-0C81AD1048AD}
		{C375BE4D-60F9-40A3-AF46-B25FDEED54C9} = {261A5059-1B2F-42D1-985D-0C81AD1048AD}
		{0DA7D742-6DA6-4998-B64F-9D27EF142E0C} = {23AAC718-27BB-4D20-A846-6F61A57C1974}
		{1C039CE6-EB9A-4748-BF01-B8B371443591} = {23AAC718-27BB-4D20-A846-6F61A57C1974}
	EndGlobalSection
EndGlobal
